
Microsoft Visual Studio Solution File, Format Version 12.00
# Visual Studio 15
VisualStudioVersion = 15.0.27703.2000
MinimumVisualStudioVersion = 10.0.40219.1
Project("{FAE04EC0-301F-11D3-BF4B-00C04F79EFBC}") = "CareerCloud.Pocos", "CareerCloud.Pocos\CareerCloud.Pocos.csproj", "{631AC768-2860-4F1E-A6E0-B065BF72E7C4}"
EndProject
Project("{FAE04EC0-301F-11D3-BF4B-00C04F79EFBC}") = "CareerCloud.DataAccessLayer", "CareerCloud.DataAccessLayer\CareerCloud.DataAccessLayer.csproj", "{5A49C3B2-6737-4280-A102-CC30B9043F67}"
EndProject
Project("{FAE04EC0-301F-11D3-BF4B-00C04F79EFBC}") = "CareerCloud.ADODataAccessLayer", "CareerCloud.ADODataAccessLayer\CareerCloud.ADODataAccessLayer.csproj", "{11620014-8E7C-4FAF-BBCA-C6365BD72461}"
EndProject
Project("{FAE04EC0-301F-11D3-BF4B-00C04F79EFBC}") = "CareerCloud.BusinessLogicLayer", "CareerCloud.BusinessLogicLayer\CareerCloud.BusinessLogicLayer.csproj", "{41C86A26-4B42-4BA4-83FB-443440111AFE}"
EndProject
Project("{FAE04EC0-301F-11D3-BF4B-00C04F79EFBC}") = "CareerCloud.UnitTests.Assignment3", "CareerCloud.UnitTests.Assignment3\CareerCloud.UnitTests.Assignment3\CareerCloud.UnitTests.Assignment3.csproj", "{2D394F6A-C67B-4127-895E-8F6812942AC5}"
EndProject
Project("{FAE04EC0-301F-11D3-BF4B-00C04F79EFBC}") = "CareerCloud.EntityFrameworkDataAccess", "CareerCloud.EntityFrameworkDataAccess\CareerCloud.EntityFrameworkDataAccess.csproj", "{BE0AAEF4-DB85-4875-B6AB-B5C2EA5012AE}"
EndProject
Project("{FAE04EC0-301F-11D3-BF4B-00C04F79EFBC}") = "CarerrCloud.UnitTests.Assignment4", "CareerCloud.UnitTests.Assignment4\CarerrCloud.UnitTests.Assignment4\CarerrCloud.UnitTests.Assignment4.csproj", "{D8F213B9-4DC6-4C4E-A7A5-D741C0C7DFE3}"
EndProject
Global
	GlobalSection(SolutionConfigurationPlatforms) = preSolution
		Debug|Any CPU = Debug|Any CPU
		Release|Any CPU = Release|Any CPU
	EndGlobalSection
	GlobalSection(ProjectConfigurationPlatforms) = postSolution
		{631AC768-2860-4F1E-A6E0-B065BF72E7C4}.Debug|Any CPU.ActiveCfg = Debug|Any CPU
		{631AC768-2860-4F1E-A6E0-B065BF72E7C4}.Debug|Any CPU.Build.0 = Debug|Any CPU
		{631AC768-2860-4F1E-A6E0-B065BF72E7C4}.Release|Any CPU.ActiveCfg = Release|Any CPU
		{631AC768-2860-4F1E-A6E0-B065BF72E7C4}.Release|Any CPU.Build.0 = Release|Any CPU
		{5A49C3B2-6737-4280-A102-CC30B9043F67}.Debug|Any CPU.ActiveCfg = Debug|Any CPU
		{5A49C3B2-6737-4280-A102-CC30B9043F67}.Debug|Any CPU.Build.0 = Debug|Any CPU
		{5A49C3B2-6737-4280-A102-CC30B9043F67}.Release|Any CPU.ActiveCfg = Release|Any CPU
		{5A49C3B2-6737-4280-A102-CC30B9043F67}.Release|Any CPU.Build.0 = Release|Any CPU
		{11620014-8E7C-4FAF-BBCA-C6365BD72461}.Debug|Any CPU.ActiveCfg = Debug|Any CPU
		{11620014-8E7C-4FAF-BBCA-C6365BD72461}.Debug|Any CPU.Build.0 = Debug|Any CPU
		{11620014-8E7C-4FAF-BBCA-C6365BD72461}.Release|Any CPU.ActiveCfg = Release|Any CPU
		{11620014-8E7C-4FAF-BBCA-C6365BD72461}.Release|Any CPU.Build.0 = Release|Any CPU
		{41C86A26-4B42-4BA4-83FB-443440111AFE}.Debug|Any CPU.ActiveCfg = Debug|Any CPU
		{41C86A26-4B42-4BA4-83FB-443440111AFE}.Debug|Any CPU.Build.0 = Debug|Any CPU
		{41C86A26-4B42-4BA4-83FB-443440111AFE}.Release|Any CPU.ActiveCfg = Release|Any CPU
		{41C86A26-4B42-4BA4-83FB-443440111AFE}.Release|Any CPU.Build.0 = Release|Any CPU
		{2D394F6A-C67B-4127-895E-8F6812942AC5}.Debug|Any CPU.ActiveCfg = Debug|Any CPU
		{2D394F6A-C67B-4127-895E-8F6812942AC5}.Debug|Any CPU.Build.0 = Debug|Any CPU
		{2D394F6A-C67B-4127-895E-8F6812942AC5}.Release|Any CPU.ActiveCfg = Release|Any CPU
		{2D394F6A-C67B-4127-895E-8F6812942AC5}.Release|Any CPU.Build.0 = Release|Any CPU
		{BE0AAEF4-DB85-4875-B6AB-B5C2EA5012AE}.Debug|Any CPU.ActiveCfg = Debug|Any CPU
		{BE0AAEF4-DB85-4875-B6AB-B5C2EA5012AE}.Debug|Any CPU.Build.0 = Debug|Any CPU
		{BE0AAEF4-DB85-4875-B6AB-B5C2EA5012AE}.Release|Any CPU.ActiveCfg = Release|Any CPU
		{BE0AAEF4-DB85-4875-B6AB-B5C2EA5012AE}.Release|Any CPU.Build.0 = Release|Any CPU
		{D8F213B9-4DC6-4C4E-A7A5-D741C0C7DFE3}.Debug|Any CPU.ActiveCfg = Debug|Any CPU
		{D8F213B9-4DC6-4C4E-A7A5-D741C0C7DFE3}.Debug|Any CPU.Build.0 = Debug|Any CPU
		{D8F213B9-4DC6-4C4E-A7A5-D741C0C7DFE3}.Release|Any CPU.ActiveCfg = Release|Any CPU
		{D8F213B9-4DC6-4C4E-A7A5-D741C0C7DFE3}.Release|Any CPU.Build.0 = Release|Any CPU
	EndGlobalSection
	GlobalSection(SolutionProperties) = preSolution
		HideSolutionNode = FALSE
	EndGlobalSection
	GlobalSection(ExtensibilityGlobals) = postSolution
		SolutionGuid = {EF6E5506-EB33-4563-A4AC-ABCCCF143905}
	EndGlobalSection
EndGlobal
